
Microsoft Visual Studio Solution File, Format Version 12.00
# Visual Studio Version 16
VisualStudioVersion = 16.0.30204.135
MinimumVisualStudioVersion = 10.0.40219.1
Project("{FAE04EC0-301F-11D3-BF4B-00C04F79EFBC}") = "EsCantante", "EsCantante\EsCantante.csproj", "{904D8AB3-624C-4851-A391-709B199B80B6}"
EndProject
Global
	GlobalSection(SolutionConfigurationPlatforms) = preSolution
		Debug|Any CPU = Debug|Any CPU
		Release|Any CPU = Release|Any CPU
	EndGlobalSection
	GlobalSection(ProjectConfigurationPlatforms) = postSolution
		{904D8AB3-624C-4851-A391-709B199B80B6}.Debug|Any CPU.ActiveCfg = Debug|Any CPU
		{904D8AB3-624C-4851-A391-709B199B80B6}.Debug|Any CPU.Build.0 = Debug|Any CPU
		{904D8AB3-624C-4851-A391-709B199B80B6}.Release|Any CPU.ActiveCfg = Release|Any CPU
		{904D8AB3-624C-4851-A391-709B199B80B6}.Release|Any CPU.Build.0 = Release|Any CPU
	EndGlobalSection
	GlobalSection(SolutionProperties) = preSolution
		HideSolutionNode = FALSE
	EndGlobalSection
	GlobalSection(ExtensibilityGlobals) = postSolution
		SolutionGuid = {33FE2C6E-428A-4C9E-8D64-964A2D3B5439}
	EndGlobalSection
EndGlobal
